<?xml version="1.0" encoding="utf-8"?>
<Project ToolsVersion="4.0" xmlns="http://schemas.microsoft.com/developer/msbuild/2003">
  <ItemGroup>
    <Filter Include="00.GraphicDev">
      <UniqueIdentifier>{1ede0e17-05aa-417e-bdf9-39810b85d0e0}</UniqueIdentifier>
    </Filter>
    <Filter Include="99.Export">
      <UniqueIdentifier>{5946082d-3d02-4c13-a8f2-72e6ee6d2dcd}</UniqueIdentifier>
    </Filter>
    <Filter Include="01.TimeMgr">
      <UniqueIdentifier>{89426c4b-f9ff-456d-9fcf-e222b980f811}</UniqueIdentifier>
    </Filter>
  </ItemGroup>
  <ItemGroup>
    <ClCompile Include="..\code\GraphicDev.cpp">
      <Filter>00.GraphicDev</Filter>
    </ClCompile>
    <ClCompile Include="..\code\TimeMgr.cpp">
      <Filter>01.TimeMgr</Filter>
    </ClCompile>
  </ItemGroup>
  <ItemGroup>
    <ClInclude Include="..\code\GraphicDev.h">
      <Filter>00.GraphicDev</Filter>
    </ClInclude>
    <ClInclude Include="..\..\Export\Export_System.h">
      <Filter>99.Export</Filter>
    </ClInclude>
    <ClInclude Include="..\code\TimeMgr.h">
      <Filter>01.TimeMgr</Filter>
    </ClInclude>
  </ItemGroup>
  <ItemGroup>
    <None Include="..\..\Export\Export_System.inl">
      <Filter>99.Export</Filter>
    </None>
  </ItemGroup>
</Project>